
Microsoft Visual Studio Solution File, Format Version 12.00
# Visual Studio 15
VisualStudioVersion = 15.0.27703.2042
MinimumVisualStudioVersion = 10.0.40219.1
Project("{FAE04EC0-301F-11D3-BF4B-00C04F79EFBC}") = "TimeLine", "TimeLine\TimeLine.csproj", "{2BB8C62F-DA35-48A0-99B0-B6DED04DA46C}"
EndProject
Project("{FAE04EC0-301F-11D3-BF4B-00C04F79EFBC}") = "TimeLineTests1", "TimeLineTests1\TimeLineTests1.csproj", "{1A2903BF-C465-4ED8-A09F-9C4DD443C08E}"
EndProject
Global
	GlobalSection(SolutionConfigurationPlatforms) = preSolution
		Debug|Any CPU = Debug|Any CPU
		Release|Any CPU = Release|Any CPU
	EndGlobalSection
	GlobalSection(ProjectConfigurationPlatforms) = postSolution
		{2BB8C62F-DA35-48A0-99B0-B6DED04DA46C}.Debug|Any CPU.ActiveCfg = Debug|Any CPU
		{2BB8C62F-DA35-48A0-99B0-B6DED04DA46C}.Debug|Any CPU.Build.0 = Debug|Any CPU
		{2BB8C62F-DA35-48A0-99B0-B6DED04DA46C}.Release|Any CPU.ActiveCfg = Release|Any CPU
		{2BB8C62F-DA35-48A0-99B0-B6DED04DA46C}.Release|Any CPU.Build.0 = Release|Any CPU
		{1A2903BF-C465-4ED8-A09F-9C4DD443C08E}.Debug|Any CPU.ActiveCfg = Debug|Any CPU
		{1A2903BF-C465-4ED8-A09F-9C4DD443C08E}.Debug|Any CPU.Build.0 = Debug|Any CPU
		{1A2903BF-C465-4ED8-A09F-9C4DD443C08E}.Release|Any CPU.ActiveCfg = Release|Any CPU
		{1A2903BF-C465-4ED8-A09F-9C4DD443C08E}.Release|Any CPU.Build.0 = Release|Any CPU
	EndGlobalSection
	GlobalSection(SolutionProperties) = preSolution
		HideSolutionNode = FALSE
	EndGlobalSection
	GlobalSection(ExtensibilityGlobals) = postSolution
		SolutionGuid = {8A5FF71B-D9EE-4ECA-9BEF-32BBBCFC86B5}
	EndGlobalSection
EndGlobal
